// !$*UTF8*$!
{
	archiveVersion = 1;
	classes = {
	};
	objectVersion = 55;
	objects = {

/* Begin PBXBuildFile section */
		4200C0B927E8682900A08384 /* HexagonParameters.swift in Sources */ = {isa = PBXBuildFile; fileRef = 4200C0B827E8682900A08384 /* HexagonParameters.swift */; };
		4200C0BB27E884CA00A08384 /* BadgeBackground.swift in Sources */ = {isa = PBXBuildFile; fileRef = 4200C0BA27E884CA00A08384 /* BadgeBackground.swift */; };
		4200C0BD27E9E6DE00A08384 /* BadgeSymbol.swift in Sources */ = {isa = PBXBuildFile; fileRef = 4200C0BC27E9E6DE00A08384 /* BadgeSymbol.swift */; };
		4200C0BF27EA0FE200A08384 /* RotatedBadgeSymbol.swift in Sources */ = {isa = PBXBuildFile; fileRef = 4200C0BE27EA0FE200A08384 /* RotatedBadgeSymbol.swift */; };
		4200C0C127EAEF6C00A08384 /* Badge.swift in Sources */ = {isa = PBXBuildFile; fileRef = 4200C0C027EAEF6C00A08384 /* Badge.swift */; };
		4219B74A27E49EC600874014 /* FavoriteButton.swift in Sources */ = {isa = PBXBuildFile; fileRef = 4219B74927E49EC600874014 /* FavoriteButton.swift */; };
		422E262D27E08EDC00A40344 /* LandmarksApp.swift in Sources */ = {isa = PBXBuildFile; fileRef = 422E262C27E08EDC00A40344 /* LandmarksApp.swift */; };
		422E262F27E08EDD00A40344 /* ContentView.swift in Sources */ = {isa = PBXBuildFile; fileRef = 422E262E27E08EDD00A40344 /* ContentView.swift */; };
		422E263127E08EDD00A40344 /* Assets.xcassets in Resources */ = {isa = PBXBuildFile; fileRef = 422E263027E08EDD00A40344 /* Assets.xcassets */; };
		422E263427E08EDD00A40344 /* Preview Assets.xcassets in Resources */ = {isa = PBXBuildFile; fileRef = 422E263327E08EDD00A40344 /* Preview Assets.xcassets */; };
		422E263E27E08EDD00A40344 /* LandmarksTests.swift in Sources */ = {isa = PBXBuildFile; fileRef = 422E263D27E08EDD00A40344 /* LandmarksTests.swift */; };
		422E264827E08EDD00A40344 /* LandmarksUITests.swift in Sources */ = {isa = PBXBuildFile; fileRef = 422E264727E08EDD00A40344 /* LandmarksUITests.swift */; };
		422E264A27E08EDD00A40344 /* LandmarksUITestsLaunchTests.swift in Sources */ = {isa = PBXBuildFile; fileRef = 422E264927E08EDD00A40344 /* LandmarksUITestsLaunchTests.swift */; };
		422E265D27E091BD00A40344 /* MapView.swift in Sources */ = {isa = PBXBuildFile; fileRef = 422E265C27E091BD00A40344 /* MapView.swift */; };
		422E265F27E091DA00A40344 /* CircleImage.swift in Sources */ = {isa = PBXBuildFile; fileRef = 422E265E27E091DA00A40344 /* CircleImage.swift */; };
		422E266227E092A300A40344 /* landmark.swift in Sources */ = {isa = PBXBuildFile; fileRef = 422E266127E092A300A40344 /* landmark.swift */; };
		422E266427E092CA00A40344 /* ModelData.swift in Sources */ = {isa = PBXBuildFile; fileRef = 422E266327E092CA00A40344 /* ModelData.swift */; };
		422E266A27E0936000A40344 /* LandmarkRow.swift in Sources */ = {isa = PBXBuildFile; fileRef = 422E266927E0936000A40344 /* LandmarkRow.swift */; };
		422E266C27E093DE00A40344 /* LandmarkList.swift in Sources */ = {isa = PBXBuildFile; fileRef = 422E266B27E093DE00A40344 /* LandmarkList.swift */; };
		422E266E27E0941900A40344 /* LandmarkDetail.swift in Sources */ = {isa = PBXBuildFile; fileRef = 422E266D27E0941900A40344 /* LandmarkDetail.swift */; };
		4254D9E927EB38570061972C /* landmarkData.json in Resources */ = {isa = PBXBuildFile; fileRef = 4254D9E827EB38570061972C /* landmarkData.json */; };
		4254D9EB27EB3AC80061972C /* hikeData.json in Resources */ = {isa = PBXBuildFile; fileRef = 4254D9EA27EB3AC80061972C /* hikeData.json */; };
		4254D9ED27EBF7CE0061972C /* Hike.swift in Sources */ = {isa = PBXBuildFile; fileRef = 4254D9EC27EBF7CE0061972C /* Hike.swift */; };
		4254D9F027EC5BEC0061972C /* GraphCapsule.swift in Sources */ = {isa = PBXBuildFile; fileRef = 4254D9EF27EC5BEC0061972C /* GraphCapsule.swift */; };
		4254D9F227EC5C170061972C /* HikeDetail.swift in Sources */ = {isa = PBXBuildFile; fileRef = 4254D9F127EC5C170061972C /* HikeDetail.swift */; };
		4254D9F427EC5C3E0061972C /* HikeGraph.swift in Sources */ = {isa = PBXBuildFile; fileRef = 4254D9F327EC5C3E0061972C /* HikeGraph.swift */; };
		4254D9F627EC5C5D0061972C /* HikeView.swift in Sources */ = {isa = PBXBuildFile; fileRef = 4254D9F527EC5C5D0061972C /* HikeView.swift */; };
		4254D9F827EC633A0061972C /* CategoryHome.swift in Sources */ = {isa = PBXBuildFile; fileRef = 4254D9F727EC633A0061972C /* CategoryHome.swift */; };
		4254D9FA27EC79010061972C /* CategoryRow.swift in Sources */ = {isa = PBXBuildFile; fileRef = 4254D9F927EC79010061972C /* CategoryRow.swift */; };
		4254D9FC27EC7E190061972C /* CategoryItem.swift in Sources */ = {isa = PBXBuildFile; fileRef = 4254D9FB27EC7E190061972C /* CategoryItem.swift */; };
		4254D9FE27F09F340061972C /* Profile.swift in Sources */ = {isa = PBXBuildFile; fileRef = 4254D9FD27F09F340061972C /* Profile.swift */; };
		4254DA0227F154690061972C /* ProfileHost.swift in Sources */ = {isa = PBXBuildFile; fileRef = 4254DA0127F154690061972C /* ProfileHost.swift */; };
		4254DA0427F157100061972C /* ProfileSummary.swift in Sources */ = {isa = PBXBuildFile; fileRef = 4254DA0327F157100061972C /* ProfileSummary.swift */; };
		4254DA0627F15B2E0061972C /* HikeBadge.swift in Sources */ = {isa = PBXBuildFile; fileRef = 4254DA0527F15B2E0061972C /* HikeBadge.swift */; };
		4254DA0827F3181A0061972C /* ProfileEditor.swift in Sources */ = {isa = PBXBuildFile; fileRef = 4254DA0727F3181A0061972C /* ProfileEditor.swift */; };
		4254DA0E27F33D520061972C /* PageViewController.swift in Sources */ = {isa = PBXBuildFile; fileRef = 4254DA0D27F33D520061972C /* PageViewController.swift */; };
		4254DA1027F33F770061972C /* FeatureCard.swift in Sources */ = {isa = PBXBuildFile; fileRef = 4254DA0F27F33F770061972C /* FeatureCard.swift */; };
		42877E4B27F697F40095E0A0 /* LandmarkCommands.swift in Sources */ = {isa = PBXBuildFile; fileRef = 42877E4A27F697F40095E0A0 /* LandmarkCommands.swift */; };
		42877E4C27F697F40095E0A0 /* LandmarkCommands.swift in Sources */ = {isa = PBXBuildFile; fileRef = 42877E4A27F697F40095E0A0 /* LandmarkCommands.swift */; };
		42B06A8927F4162500DD1C92 /* PageView.swift in Sources */ = {isa = PBXBuildFile; fileRef = 42B06A8827F4162500DD1C92 /* PageView.swift */; };
		42B06A8B27F44B7200DD1C92 /* PageControl.swift in Sources */ = {isa = PBXBuildFile; fileRef = 42B06A8A27F44B7200DD1C92 /* PageControl.swift */; };
		42B06AEA27F5608C00DD1C92 /* ContentView.swift in Sources */ = {isa = PBXBuildFile; fileRef = 42B06AE927F5608C00DD1C92 /* ContentView.swift */; };
		42B06AEC27F5608D00DD1C92 /* Assets.xcassets in Resources */ = {isa = PBXBuildFile; fileRef = 42B06AEB27F5608D00DD1C92 /* Assets.xcassets */; };
		42B06AEF27F5608D00DD1C92 /* Preview Assets.xcassets in Resources */ = {isa = PBXBuildFile; fileRef = 42B06AEE27F5608D00DD1C92 /* Preview Assets.xcassets */; };
		42B06AFA27F5608D00DD1C92 /* MacLandmarksTests.swift in Sources */ = {isa = PBXBuildFile; fileRef = 42B06AF927F5608D00DD1C92 /* MacLandmarksTests.swift */; };
		42B06B0427F5608D00DD1C92 /* MacLandmarksUITests.swift in Sources */ = {isa = PBXBuildFile; fileRef = 42B06B0327F5608D00DD1C92 /* MacLandmarksUITests.swift */; };
		42B06B0627F5608D00DD1C92 /* MacLandmarksUITestsLaunchTests.swift in Sources */ = {isa = PBXBuildFile; fileRef = 42B06B0527F5608D00DD1C92 /* MacLandmarksUITestsLaunchTests.swift */; };
		42B06B1027F561CD00DD1C92 /* LandmarksApp.swift in Sources */ = {isa = PBXBuildFile; fileRef = 422E262C27E08EDC00A40344 /* LandmarksApp.swift */; };
		42B06B1127F561CD00DD1C92 /* MapView.swift in Sources */ = {isa = PBXBuildFile; fileRef = 422E265C27E091BD00A40344 /* MapView.swift */; };
		42B06B1227F561CD00DD1C92 /* CircleImage.swift in Sources */ = {isa = PBXBuildFile; fileRef = 422E265E27E091DA00A40344 /* CircleImage.swift */; };
		42B06B1327F561CD00DD1C92 /* LandmarkRow.swift in Sources */ = {isa = PBXBuildFile; fileRef = 422E266927E0936000A40344 /* LandmarkRow.swift */; };
		42B06B1427F561CD00DD1C92 /* landmark.swift in Sources */ = {isa = PBXBuildFile; fileRef = 422E266127E092A300A40344 /* landmark.swift */; };
		42B06B1527F561CD00DD1C92 /* FavoriteButton.swift in Sources */ = {isa = PBXBuildFile; fileRef = 4219B74927E49EC600874014 /* FavoriteButton.swift */; };
		42B06B1627F561CD00DD1C92 /* LandmarkList.swift in Sources */ = {isa = PBXBuildFile; fileRef = 422E266B27E093DE00A40344 /* LandmarkList.swift */; };
		42B06B1727F561CD00DD1C92 /* Profile.swift in Sources */ = {isa = PBXBuildFile; fileRef = 4254D9FD27F09F340061972C /* Profile.swift */; };
		42B06B1827F561CD00DD1C92 /* Hike.swift in Sources */ = {isa = PBXBuildFile; fileRef = 4254D9EC27EBF7CE0061972C /* Hike.swift */; };
		42B06B1927F561CD00DD1C92 /* Assets.xcassets in Resources */ = {isa = PBXBuildFile; fileRef = 422E263027E08EDD00A40344 /* Assets.xcassets */; };
		42B06B1A27F561CD00DD1C92 /* ModelData.swift in Sources */ = {isa = PBXBuildFile; fileRef = 422E266327E092CA00A40344 /* ModelData.swift */; };
		42B06B1B27F561CD00DD1C92 /* hikeData.json in Resources */ = {isa = PBXBuildFile; fileRef = 4254D9EA27EB3AC80061972C /* hikeData.json */; };
		42B06B1C27F561CD00DD1C92 /* landmarkData.json in Resources */ = {isa = PBXBuildFile; fileRef = 4254D9E827EB38570061972C /* landmarkData.json */; };
		42B06B2027F5829D00DD1C92 /* LandmarkDetail.swift in Sources */ = {isa = PBXBuildFile; fileRef = 42B06B1F27F5829D00DD1C92 /* LandmarkDetail.swift */; };
		42F4864927F71185000591BF /* LandmarkSettings.swift in Sources */ = {isa = PBXBuildFile; fileRef = 42F4864827F71185000591BF /* LandmarkSettings.swift */; };
/* End PBXBuildFile section */

/* Begin PBXContainerItemProxy section */
		422E263A27E08EDD00A40344 /* PBXContainerItemProxy */ = {
			isa = PBXContainerItemProxy;
			containerPortal = 422E262127E08EDC00A40344 /* Project object */;
			proxyType = 1;
			remoteGlobalIDString = 422E262827E08EDC00A40344;
			remoteInfo = Landmarks;
		};
		422E264427E08EDD00A40344 /* PBXContainerItemProxy */ = {
			isa = PBXContainerItemProxy;
			containerPortal = 422E262127E08EDC00A40344 /* Project object */;
			proxyType = 1;
			remoteGlobalIDString = 422E262827E08EDC00A40344;
			remoteInfo = Landmarks;
		};
		42B06AF627F5608D00DD1C92 /* PBXContainerItemProxy */ = {
			isa = PBXContainerItemProxy;
			containerPortal = 422E262127E08EDC00A40344 /* Project object */;
			proxyType = 1;
			remoteGlobalIDString = 42B06AE427F5608C00DD1C92;
			remoteInfo = MacLandmarks;
		};
		42B06B0027F5608D00DD1C92 /* PBXContainerItemProxy */ = {
			isa = PBXContainerItemProxy;
			containerPortal = 422E262127E08EDC00A40344 /* Project object */;
			proxyType = 1;
			remoteGlobalIDString = 42B06AE427F5608C00DD1C92;
			remoteInfo = MacLandmarks;
		};
/* End PBXContainerItemProxy section */

/* Begin PBXCopyFilesBuildPhase section */
		42B06ACC27F488DD00DD1C92 /* Embed Watch Content */ = {
			isa = PBXCopyFilesBuildPhase;
			buildActionMask = 2147483647;
			dstPath = "$(CONTENTS_FOLDER_PATH)/Watch";
			dstSubfolderSpec = 16;
			files = (
			);
			name = "Embed Watch Content";
			runOnlyForDeploymentPostprocessing = 0;
		};
/* End PBXCopyFilesBuildPhase section */

/* Begin PBXFileReference section */
		4200C0B827E8682900A08384 /* HexagonParameters.swift */ = {isa = PBXFileReference; lastKnownFileType = sourcecode.swift; path = HexagonParameters.swift; sourceTree = "<group>"; };
		4200C0BA27E884CA00A08384 /* BadgeBackground.swift */ = {isa = PBXFileReference; lastKnownFileType = sourcecode.swift; path = BadgeBackground.swift; sourceTree = "<group>"; };
		4200C0BC27E9E6DE00A08384 /* BadgeSymbol.swift */ = {isa = PBXFileReference; lastKnownFileType = sourcecode.swift; path = BadgeSymbol.swift; sourceTree = "<group>"; };
		4200C0BE27EA0FE200A08384 /* RotatedBadgeSymbol.swift */ = {isa = PBXFileReference; lastKnownFileType = sourcecode.swift; path = RotatedBadgeSymbol.swift; sourceTree = "<group>"; };
		4200C0C027EAEF6C00A08384 /* Badge.swift */ = {isa = PBXFileReference; lastKnownFileType = sourcecode.swift; path = Badge.swift; sourceTree = "<group>"; };
		4219B74927E49EC600874014 /* FavoriteButton.swift */ = {isa = PBXFileReference; lastKnownFileType = sourcecode.swift; path = FavoriteButton.swift; sourceTree = "<group>"; };
		422E262927E08EDC00A40344 /* Landmarks.app */ = {isa = PBXFileReference; explicitFileType = wrapper.application; includeInIndex = 0; path = Landmarks.app; sourceTree = BUILT_PRODUCTS_DIR; };
		422E262C27E08EDC00A40344 /* LandmarksApp.swift */ = {isa = PBXFileReference; lastKnownFileType = sourcecode.swift; path = LandmarksApp.swift; sourceTree = "<group>"; };
		422E262E27E08EDD00A40344 /* ContentView.swift */ = {isa = PBXFileReference; lastKnownFileType = sourcecode.swift; path = ContentView.swift; sourceTree = "<group>"; };
		422E263027E08EDD00A40344 /* Assets.xcassets */ = {isa = PBXFileReference; lastKnownFileType = folder.assetcatalog; path = Assets.xcassets; sourceTree = "<group>"; };
		422E263327E08EDD00A40344 /* Preview Assets.xcassets */ = {isa = PBXFileReference; lastKnownFileType = folder.assetcatalog; path = "Preview Assets.xcassets"; sourceTree = "<group>"; };
		422E263927E08EDD00A40344 /* LandmarksTests.xctest */ = {isa = PBXFileReference; explicitFileType = wrapper.cfbundle; includeInIndex = 0; path = LandmarksTests.xctest; sourceTree = BUILT_PRODUCTS_DIR; };
		422E263D27E08EDD00A40344 /* LandmarksTests.swift */ = {isa = PBXFileReference; lastKnownFileType = sourcecode.swift; path = LandmarksTests.swift; sourceTree = "<group>"; };
		422E264327E08EDD00A40344 /* LandmarksUITests.xctest */ = {isa = PBXFileReference; explicitFileType = wrapper.cfbundle; includeInIndex = 0; path = LandmarksUITests.xctest; sourceTree = BUILT_PRODUCTS_DIR; };
		422E264727E08EDD00A40344 /* LandmarksUITests.swift */ = {isa = PBXFileReference; lastKnownFileType = sourcecode.swift; path = LandmarksUITests.swift; sourceTree = "<group>"; };
		422E264927E08EDD00A40344 /* LandmarksUITestsLaunchTests.swift */ = {isa = PBXFileReference; lastKnownFileType = sourcecode.swift; path = LandmarksUITestsLaunchTests.swift; sourceTree = "<group>"; };
		422E265C27E091BD00A40344 /* MapView.swift */ = {isa = PBXFileReference; lastKnownFileType = sourcecode.swift; path = MapView.swift; sourceTree = "<group>"; };
		422E265E27E091DA00A40344 /* CircleImage.swift */ = {isa = PBXFileReference; lastKnownFileType = sourcecode.swift; path = CircleImage.swift; sourceTree = "<group>"; };
		422E266127E092A300A40344 /* landmark.swift */ = {isa = PBXFileReference; lastKnownFileType = sourcecode.swift; path = landmark.swift; sourceTree = "<group>"; };
		422E266327E092CA00A40344 /* ModelData.swift */ = {isa = PBXFileReference; lastKnownFileType = sourcecode.swift; path = ModelData.swift; sourceTree = "<group>"; };
		422E266927E0936000A40344 /* LandmarkRow.swift */ = {isa = PBXFileReference; lastKnownFileType = sourcecode.swift; path = LandmarkRow.swift; sourceTree = "<group>"; };
		422E266B27E093DE00A40344 /* LandmarkList.swift */ = {isa = PBXFileReference; lastKnownFileType = sourcecode.swift; path = LandmarkList.swift; sourceTree = "<group>"; };
		422E266D27E0941900A40344 /* LandmarkDetail.swift */ = {isa = PBXFileReference; lastKnownFileType = sourcecode.swift; path = LandmarkDetail.swift; sourceTree = "<group>"; };
		4254D9E827EB38570061972C /* landmarkData.json */ = {isa = PBXFileReference; fileEncoding = 4; lastKnownFileType = text.json; name = landmarkData.json; path = ../../../../../Documents/landmarkData.json; sourceTree = "<group>"; };
		4254D9EA27EB3AC80061972C /* hikeData.json */ = {isa = PBXFileReference; fileEncoding = 4; lastKnownFileType = text.json; path = hikeData.json; sourceTree = "<group>"; };
		4254D9EC27EBF7CE0061972C /* Hike.swift */ = {isa = PBXFileReference; lastKnownFileType = sourcecode.swift; path = Hike.swift; sourceTree = "<group>"; };
		4254D9EF27EC5BEC0061972C /* GraphCapsule.swift */ = {isa = PBXFileReference; lastKnownFileType = sourcecode.swift; path = GraphCapsule.swift; sourceTree = "<group>"; };
		4254D9F127EC5C170061972C /* HikeDetail.swift */ = {isa = PBXFileReference; lastKnownFileType = sourcecode.swift; path = HikeDetail.swift; sourceTree = "<group>"; };
		4254D9F327EC5C3E0061972C /* HikeGraph.swift */ = {isa = PBXFileReference; lastKnownFileType = sourcecode.swift; path = HikeGraph.swift; sourceTree = "<group>"; };
		4254D9F527EC5C5D0061972C /* HikeView.swift */ = {isa = PBXFileReference; lastKnownFileType = sourcecode.swift; path = HikeView.swift; sourceTree = "<group>"; };
		4254D9F727EC633A0061972C /* CategoryHome.swift */ = {isa = PBXFileReference; lastKnownFileType = sourcecode.swift; path = CategoryHome.swift; sourceTree = "<group>"; };
		4254D9F927EC79010061972C /* CategoryRow.swift */ = {isa = PBXFileReference; lastKnownFileType = sourcecode.swift; path = CategoryRow.swift; sourceTree = "<group>"; };
		4254D9FB27EC7E190061972C /* CategoryItem.swift */ = {isa = PBXFileReference; lastKnownFileType = sourcecode.swift; path = CategoryItem.swift; sourceTree = "<group>"; };
		4254D9FD27F09F340061972C /* Profile.swift */ = {isa = PBXFileReference; lastKnownFileType = sourcecode.swift; path = Profile.swift; sourceTree = "<group>"; };
		4254DA0127F154690061972C /* ProfileHost.swift */ = {isa = PBXFileReference; lastKnownFileType = sourcecode.swift; path = ProfileHost.swift; sourceTree = "<group>"; };
		4254DA0327F157100061972C /* ProfileSummary.swift */ = {isa = PBXFileReference; lastKnownFileType = sourcecode.swift; path = ProfileSummary.swift; sourceTree = "<group>"; };
		4254DA0527F15B2E0061972C /* HikeBadge.swift */ = {isa = PBXFileReference; lastKnownFileType = sourcecode.swift; path = HikeBadge.swift; sourceTree = "<group>"; };
		4254DA0727F3181A0061972C /* ProfileEditor.swift */ = {isa = PBXFileReference; lastKnownFileType = sourcecode.swift; path = ProfileEditor.swift; sourceTree = "<group>"; };
		4254DA0D27F33D520061972C /* PageViewController.swift */ = {isa = PBXFileReference; lastKnownFileType = sourcecode.swift; path = PageViewController.swift; sourceTree = "<group>"; };
		4254DA0F27F33F770061972C /* FeatureCard.swift */ = {isa = PBXFileReference; lastKnownFileType = sourcecode.swift; path = FeatureCard.swift; sourceTree = "<group>"; };
		42877E4A27F697F40095E0A0 /* LandmarkCommands.swift */ = {isa = PBXFileReference; lastKnownFileType = sourcecode.swift; path = LandmarkCommands.swift; sourceTree = "<group>"; };
		42B06A8827F4162500DD1C92 /* PageView.swift */ = {isa = PBXFileReference; lastKnownFileType = sourcecode.swift; path = PageView.swift; sourceTree = "<group>"; };
		42B06A8A27F44B7200DD1C92 /* PageControl.swift */ = {isa = PBXFileReference; lastKnownFileType = sourcecode.swift; path = PageControl.swift; sourceTree = "<group>"; };
		42B06AE527F5608C00DD1C92 /* MacLandmarks.app */ = {isa = PBXFileReference; explicitFileType = wrapper.application; includeInIndex = 0; path = MacLandmarks.app; sourceTree = BUILT_PRODUCTS_DIR; };
		42B06AE927F5608C00DD1C92 /* ContentView.swift */ = {isa = PBXFileReference; lastKnownFileType = sourcecode.swift; path = ContentView.swift; sourceTree = "<group>"; };
		42B06AEB27F5608D00DD1C92 /* Assets.xcassets */ = {isa = PBXFileReference; lastKnownFileType = folder.assetcatalog; path = Assets.xcassets; sourceTree = "<group>"; };
		42B06AEE27F5608D00DD1C92 /* Preview Assets.xcassets */ = {isa = PBXFileReference; lastKnownFileType = folder.assetcatalog; path = "Preview Assets.xcassets"; sourceTree = "<group>"; };
		42B06AF027F5608D00DD1C92 /* MacLandmarks.entitlements */ = {isa = PBXFileReference; lastKnownFileType = text.plist.entitlements; path = MacLandmarks.entitlements; sourceTree = "<group>"; };
		42B06AF527F5608D00DD1C92 /* MacLandmarksTests.xctest */ = {isa = PBXFileReference; explicitFileType = wrapper.cfbundle; includeInIndex = 0; path = MacLandmarksTests.xctest; sourceTree = BUILT_PRODUCTS_DIR; };
		42B06AF927F5608D00DD1C92 /* MacLandmarksTests.swift */ = {isa = PBXFileReference; lastKnownFileType = sourcecode.swift; path = MacLandmarksTests.swift; sourceTree = "<group>"; };
		42B06AFF27F5608D00DD1C92 /* MacLandmarksUITests.xctest */ = {isa = PBXFileReference; explicitFileType = wrapper.cfbundle; includeInIndex = 0; path = MacLandmarksUITests.xctest; sourceTree = BUILT_PRODUCTS_DIR; };
		42B06B0327F5608D00DD1C92 /* MacLandmarksUITests.swift */ = {isa = PBXFileReference; lastKnownFileType = sourcecode.swift; path = MacLandmarksUITests.swift; sourceTree = "<group>"; };
		42B06B0527F5608D00DD1C92 /* MacLandmarksUITestsLaunchTests.swift */ = {isa = PBXFileReference; lastKnownFileType = sourcecode.swift; path = MacLandmarksUITestsLaunchTests.swift; sourceTree = "<group>"; };
		42B06B1F27F5829D00DD1C92 /* LandmarkDetail.swift */ = {isa = PBXFileReference; lastKnownFileType = sourcecode.swift; path = LandmarkDetail.swift; sourceTree = "<group>"; };
		42F4864827F71185000591BF /* LandmarkSettings.swift */ = {isa = PBXFileReference; lastKnownFileType = sourcecode.swift; path = LandmarkSettings.swift; sourceTree = "<group>"; };
/* End PBXFileReference section */

/* Begin PBXFrameworksBuildPhase section */
		422E262627E08EDC00A40344 /* Frameworks */ = {
			isa = PBXFrameworksBuildPhase;
			buildActionMask = 2147483647;
			files = (
			);
			runOnlyForDeploymentPostprocessing = 0;
		};
		422E263627E08EDD00A40344 /* Frameworks */ = {
			isa = PBXFrameworksBuildPhase;
			buildActionMask = 2147483647;
			files = (
			);
			runOnlyForDeploymentPostprocessing = 0;
		};
		422E264027E08EDD00A40344 /* Frameworks */ = {
			isa = PBXFrameworksBuildPhase;
			buildActionMask = 2147483647;
			files = (
			);
			runOnlyForDeploymentPostprocessing = 0;
		};
		42B06AE227F5608C00DD1C92 /* Frameworks */ = {
			isa = PBXFrameworksBuildPhase;
			buildActionMask = 2147483647;
			files = (
			);
			runOnlyForDeploymentPostprocessing = 0;
		};
		42B06AF227F5608D00DD1C92 /* Frameworks */ = {
			isa = PBXFrameworksBuildPhase;
			buildActionMask = 2147483647;
			files = (
			);
			runOnlyForDeploymentPostprocessing = 0;
		};
		42B06AFC27F5608D00DD1C92 /* Frameworks */ = {
			isa = PBXFrameworksBuildPhase;
			buildActionMask = 2147483647;
			files = (
			);
			runOnlyForDeploymentPostprocessing = 0;
		};
/* End PBXFrameworksBuildPhase section */

/* Begin PBXGroup section */
		4200C0C227EB082B00A08384 /* Badges */ = {
			isa = PBXGroup;
			children = (
				4200C0BA27E884CA00A08384 /* BadgeBackground.swift */,
				4200C0B827E8682900A08384 /* HexagonParameters.swift */,
				4200C0BC27E9E6DE00A08384 /* BadgeSymbol.swift */,
				4200C0BE27EA0FE200A08384 /* RotatedBadgeSymbol.swift */,
				4200C0C027EAEF6C00A08384 /* Badge.swift */,
			);
			path = Badges;
			sourceTree = "<group>";
		};
		4219B74C27E4A1FA00874014 /* Helpers */ = {
			isa = PBXGroup;
			children = (
				4219B74927E49EC600874014 /* FavoriteButton.swift */,
				422E265E27E091DA00A40344 /* CircleImage.swift */,
				422E265C27E091BD00A40344 /* MapView.swift */,
			);
			path = Helpers;
			sourceTree = "<group>";
		};
		4219B74D27E4A21100874014 /* Landmarks */ = {
			isa = PBXGroup;
			children = (
				422E266927E0936000A40344 /* LandmarkRow.swift */,
				422E266D27E0941900A40344 /* LandmarkDetail.swift */,
				422E266B27E093DE00A40344 /* LandmarkList.swift */,
				4200C0C227EB082B00A08384 /* Badges */,
			);
			path = Landmarks;
			sourceTree = "<group>";
		};
		422E262027E08EDC00A40344 = {
			isa = PBXGroup;
			children = (
				422E262B27E08EDC00A40344 /* Landmarks */,
				422E263C27E08EDD00A40344 /* LandmarksTests */,
				422E264627E08EDD00A40344 /* LandmarksUITests */,
				42B06AE627F5608C00DD1C92 /* MacLandmarks */,
				42B06AF827F5608D00DD1C92 /* MacLandmarksTests */,
				42B06B0227F5608D00DD1C92 /* MacLandmarksUITests */,
				422E262A27E08EDC00A40344 /* Products */,
			);
			sourceTree = "<group>";
		};
		422E262A27E08EDC00A40344 /* Products */ = {
			isa = PBXGroup;
			children = (
				422E262927E08EDC00A40344 /* Landmarks.app */,
				422E263927E08EDD00A40344 /* LandmarksTests.xctest */,
				422E264327E08EDD00A40344 /* LandmarksUITests.xctest */,
				42B06AE527F5608C00DD1C92 /* MacLandmarks.app */,
				42B06AF527F5608D00DD1C92 /* MacLandmarksTests.xctest */,
				42B06AFF27F5608D00DD1C92 /* MacLandmarksUITests.xctest */,
			);
			name = Products;
			sourceTree = "<group>";
		};
		422E262B27E08EDC00A40344 /* Landmarks */ = {
			isa = PBXGroup;
			children = (
				422E262C27E08EDC00A40344 /* LandmarksApp.swift */,
				422E266627E0931000A40344 /* Model */,
				422E266527E092F200A40344 /* Resources */,
				422E263027E08EDD00A40344 /* Assets.xcassets */,
				422E266027E091FF00A40344 /* Views */,
				422E263227E08EDD00A40344 /* Preview Content */,
			);
			path = Landmarks;
			sourceTree = "<group>";
		};
		422E263227E08EDD00A40344 /* Preview Content */ = {
			isa = PBXGroup;
			children = (
				422E263327E08EDD00A40344 /* Preview Assets.xcassets */,
			);
			path = "Preview Content";
			sourceTree = "<group>";
		};
		422E263C27E08EDD00A40344 /* LandmarksTests */ = {
			isa = PBXGroup;
			children = (
				422E263D27E08EDD00A40344 /* LandmarksTests.swift */,
			);
			path = LandmarksTests;
			sourceTree = "<group>";
		};
		422E264627E08EDD00A40344 /* LandmarksUITests */ = {
			isa = PBXGroup;
			children = (
				422E264727E08EDD00A40344 /* LandmarksUITests.swift */,
				422E264927E08EDD00A40344 /* LandmarksUITestsLaunchTests.swift */,
			);
			path = LandmarksUITests;
			sourceTree = "<group>";
		};
		422E266027E091FF00A40344 /* Views */ = {
			isa = PBXGroup;
			children = (
				422E262E27E08EDD00A40344 /* ContentView.swift */,
				4254DA0A27F323400061972C /* PageView */,
				4254DA0027F1544C0061972C /* Profiles */,
				4254D9EE27EC5B5D0061972C /* Hikes */,
				4219B74D27E4A21100874014 /* Landmarks */,
				4219B74C27E4A1FA00874014 /* Helpers */,
				4254D9FF27F154330061972C /* Category */,
			);
			path = Views;
			sourceTree = "<group>";
		};
		422E266527E092F200A40344 /* Resources */ = {
			isa = PBXGroup;
			children = (
				4254D9EA27EB3AC80061972C /* hikeData.json */,
				4254D9E827EB38570061972C /* landmarkData.json */,
			);
			path = Resources;
			sourceTree = "<group>";
		};
		422E266627E0931000A40344 /* Model */ = {
			isa = PBXGroup;
			children = (
				422E266127E092A300A40344 /* landmark.swift */,
				4254D9EC27EBF7CE0061972C /* Hike.swift */,
				422E266327E092CA00A40344 /* ModelData.swift */,
				4254D9FD27F09F340061972C /* Profile.swift */,
			);
			path = Model;
			sourceTree = "<group>";
		};
		4254D9EE27EC5B5D0061972C /* Hikes */ = {
			isa = PBXGroup;
			children = (
				4254D9EF27EC5BEC0061972C /* GraphCapsule.swift */,
				4254DA0527F15B2E0061972C /* HikeBadge.swift */,
				4254D9F127EC5C170061972C /* HikeDetail.swift */,
				4254D9F527EC5C5D0061972C /* HikeView.swift */,
				4254D9F327EC5C3E0061972C /* HikeGraph.swift */,
			);
			path = Hikes;
			sourceTree = "<group>";
		};
		4254D9FF27F154330061972C /* Category */ = {
			isa = PBXGroup;
			children = (
				4254D9F727EC633A0061972C /* CategoryHome.swift */,
				4254D9F927EC79010061972C /* CategoryRow.swift */,
				4254D9FB27EC7E190061972C /* CategoryItem.swift */,
			);
			path = Category;
			sourceTree = "<group>";
		};
		4254DA0027F1544C0061972C /* Profiles */ = {
			isa = PBXGroup;
			children = (
				4254DA0127F154690061972C /* ProfileHost.swift */,
				4254DA0327F157100061972C /* ProfileSummary.swift */,
				4254DA0727F3181A0061972C /* ProfileEditor.swift */,
			);
			path = Profiles;
			sourceTree = "<group>";
		};
		4254DA0A27F323400061972C /* PageView */ = {
			isa = PBXGroup;
			children = (
				4254DA0F27F33F770061972C /* FeatureCard.swift */,
				4254DA0D27F33D520061972C /* PageViewController.swift */,
				42B06A8827F4162500DD1C92 /* PageView.swift */,
				42B06A8A27F44B7200DD1C92 /* PageControl.swift */,
			);
			path = PageView;
			sourceTree = "<group>";
		};
		42B06AE627F5608C00DD1C92 /* MacLandmarks */ = {
			isa = PBXGroup;
			children = (
				42B06AE927F5608C00DD1C92 /* ContentView.swift */,
				42B06AEB27F5608D00DD1C92 /* Assets.xcassets */,
				42B06AF027F5608D00DD1C92 /* MacLandmarks.entitlements */,
				42B06AED27F5608D00DD1C92 /* Preview Content */,
				42B06B1F27F5829D00DD1C92 /* LandmarkDetail.swift */,
				42877E4A27F697F40095E0A0 /* LandmarkCommands.swift */,
				42F4864827F71185000591BF /* LandmarkSettings.swift */,
			);
			path = MacLandmarks;
			sourceTree = "<group>";
		};
		42B06AED27F5608D00DD1C92 /* Preview Content */ = {
			isa = PBXGroup;
			children = (
				42B06AEE27F5608D00DD1C92 /* Preview Assets.xcassets */,
			);
			path = "Preview Content";
			sourceTree = "<group>";
		};
		42B06AF827F5608D00DD1C92 /* MacLandmarksTests */ = {
			isa = PBXGroup;
			children = (
				42B06AF927F5608D00DD1C92 /* MacLandmarksTests.swift */,
			);
			path = MacLandmarksTests;
			sourceTree = "<group>";
		};
		42B06B0227F5608D00DD1C92 /* MacLandmarksUITests */ = {
			isa = PBXGroup;
			children = (
				42B06B0327F5608D00DD1C92 /* MacLandmarksUITests.swift */,
				42B06B0527F5608D00DD1C92 /* MacLandmarksUITestsLaunchTests.swift */,
			);
			path = MacLandmarksUITests;
			sourceTree = "<group>";
		};
/* End PBXGroup section */

/* Begin PBXNativeTarget section */
		422E262827E08EDC00A40344 /* Landmarks */ = {
			isa = PBXNativeTarget;
			buildConfigurationList = 422E264D27E08EDD00A40344 /* Build configuration list for PBXNativeTarget "Landmarks" */;
			buildPhases = (
				422E262527E08EDC00A40344 /* Sources */,
				422E262627E08EDC00A40344 /* Frameworks */,
				422E262727E08EDC00A40344 /* Resources */,
				42B06ACC27F488DD00DD1C92 /* Embed Watch Content */,
			);
			buildRules = (
			);
			dependencies = (
			);
			name = Landmarks;
			productName = Landmarks;
			productReference = 422E262927E08EDC00A40344 /* Landmarks.app */;
			productType = "com.apple.product-type.application";
		};
		422E263827E08EDD00A40344 /* LandmarksTests */ = {
			isa = PBXNativeTarget;
			buildConfigurationList = 422E265027E08EDD00A40344 /* Build configuration list for PBXNativeTarget "LandmarksTests" */;
			buildPhases = (
				422E263527E08EDD00A40344 /* Sources */,
				422E263627E08EDD00A40344 /* Frameworks */,
				422E263727E08EDD00A40344 /* Resources */,
			);
			buildRules = (
			);
			dependencies = (
				422E263B27E08EDD00A40344 /* PBXTargetDependency */,
			);
			name = LandmarksTests;
			productName = LandmarksTests;
			productReference = 422E263927E08EDD00A40344 /* LandmarksTests.xctest */;
			productType = "com.apple.product-type.bundle.unit-test";
		};
		422E264227E08EDD00A40344 /* LandmarksUITests */ = {
			isa = PBXNativeTarget;
			buildConfigurationList = 422E265327E08EDD00A40344 /* Build configuration list for PBXNativeTarget "LandmarksUITests" */;
			buildPhases = (
				422E263F27E08EDD00A40344 /* Sources */,
				422E264027E08EDD00A40344 /* Frameworks */,
				422E264127E08EDD00A40344 /* Resources */,
			);
			buildRules = (
			);
			dependencies = (
				422E264527E08EDD00A40344 /* PBXTargetDependency */,
			);
			name = LandmarksUITests;
			productName = LandmarksUITests;
			productReference = 422E264327E08EDD00A40344 /* LandmarksUITests.xctest */;
			productType = "com.apple.product-type.bundle.ui-testing";
		};
		42B06AE427F5608C00DD1C92 /* MacLandmarks */ = {
			isa = PBXNativeTarget;
			buildConfigurationList = 42B06B0727F5608D00DD1C92 /* Build configuration list for PBXNativeTarget "MacLandmarks" */;
			buildPhases = (
				42B06AE127F5608C00DD1C92 /* Sources */,
				42B06AE227F5608C00DD1C92 /* Frameworks */,
				42B06AE327F5608C00DD1C92 /* Resources */,
			);
			buildRules = (
			);
			dependencies = (
			);
			name = MacLandmarks;
			productName = MacLandmarks;
			productReference = 42B06AE527F5608C00DD1C92 /* MacLandmarks.app */;
			productType = "com.apple.product-type.application";
		};
		42B06AF427F5608D00DD1C92 /* MacLandmarksTests */ = {
			isa = PBXNativeTarget;
			buildConfigurationList = 42B06B0A27F5608D00DD1C92 /* Build configuration list for PBXNativeTarget "MacLandmarksTests" */;
			buildPhases = (
				42B06AF127F5608D00DD1C92 /* Sources */,
				42B06AF227F5608D00DD1C92 /* Frameworks */,
				42B06AF327F5608D00DD1C92 /* Resources */,
			);
			buildRules = (
			);
			dependencies = (
				42B06AF727F5608D00DD1C92 /* PBXTargetDependency */,
			);
			name = MacLandmarksTests;
			productName = MacLandmarksTests;
			productReference = 42B06AF527F5608D00DD1C92 /* MacLandmarksTests.xctest */;
			productType = "com.apple.product-type.bundle.unit-test";
		};
		42B06AFE27F5608D00DD1C92 /* MacLandmarksUITests */ = {
			isa = PBXNativeTarget;
			buildConfigurationList = 42B06B0D27F5608D00DD1C92 /* Build configuration list for PBXNativeTarget "MacLandmarksUITests" */;
			buildPhases = (
				42B06AFB27F5608D00DD1C92 /* Sources */,
				42B06AFC27F5608D00DD1C92 /* Frameworks */,
				42B06AFD27F5608D00DD1C92 /* Resources */,
			);
			buildRules = (
			);
			dependencies = (
				42B06B0127F5608D00DD1C92 /* PBXTargetDependency */,
			);
			name = MacLandmarksUITests;
			productName = MacLandmarksUITests;
			productReference = 42B06AFF27F5608D00DD1C92 /* MacLandmarksUITests.xctest */;
			productType = "com.apple.product-type.bundle.ui-testing";
		};
/* End PBXNativeTarget section */

/* Begin PBXProject section */
		422E262127E08EDC00A40344 /* Project object */ = {
			isa = PBXProject;
			attributes = {
				BuildIndependentTargetsInParallel = 1;
				LastSwiftUpdateCheck = 1320;
				LastUpgradeCheck = 1320;
				TargetAttributes = {
					422E262827E08EDC00A40344 = {
						CreatedOnToolsVersion = 13.2.1;
					};
					422E263827E08EDD00A40344 = {
						CreatedOnToolsVersion = 13.2.1;
						TestTargetID = 422E262827E08EDC00A40344;
					};
					422E264227E08EDD00A40344 = {
						CreatedOnToolsVersion = 13.2.1;
						TestTargetID = 422E262827E08EDC00A40344;
					};
					42B06AE427F5608C00DD1C92 = {
						CreatedOnToolsVersion = 13.2.1;
					};
					42B06AF427F5608D00DD1C92 = {
						CreatedOnToolsVersion = 13.2.1;
						TestTargetID = 42B06AE427F5608C00DD1C92;
					};
					42B06AFE27F5608D00DD1C92 = {
						CreatedOnToolsVersion = 13.2.1;
						TestTargetID = 42B06AE427F5608C00DD1C92;
					};
				};
			};
			buildConfigurationList = 422E262427E08EDC00A40344 /* Build configuration list for PBXProject "Landmarks" */;
			compatibilityVersion = "Xcode 13.0";
			developmentRegion = en;
			hasScannedForEncodings = 0;
			knownRegions = (
				en,
				Base,
			);
			mainGroup = 422E262027E08EDC00A40344;
			productRefGroup = 422E262A27E08EDC00A40344 /* Products */;
			projectDirPath = "";
			projectRoot = "";
			targets = (
				422E262827E08EDC00A40344 /* Landmarks */,
				422E263827E08EDD00A40344 /* LandmarksTests */,
				422E264227E08EDD00A40344 /* LandmarksUITests */,
				42B06AE427F5608C00DD1C92 /* MacLandmarks */,
				42B06AF427F5608D00DD1C92 /* MacLandmarksTests */,
				42B06AFE27F5608D00DD1C92 /* MacLandmarksUITests */,
			);
		};
/* End PBXProject section */

/* Begin PBXResourcesBuildPhase section */
		422E262727E08EDC00A40344 /* Resources */ = {
			isa = PBXResourcesBuildPhase;
			buildActionMask = 2147483647;
			files = (
				4254D9EB27EB3AC80061972C /* hikeData.json in Resources */,
				422E263427E08EDD00A40344 /* Preview Assets.xcassets in Resources */,
				422E263127E08EDD00A40344 /* Assets.xcassets in Resources */,
				4254D9E927EB38570061972C /* landmarkData.json in Resources */,
			);
			runOnlyForDeploymentPostprocessing = 0;
		};
		422E263727E08EDD00A40344 /* Resources */ = {
			isa = PBXResourcesBuildPhase;
			buildActionMask = 2147483647;
			files = (
			);
			runOnlyForDeploymentPostprocessing = 0;
		};
		422E264127E08EDD00A40344 /* Resources */ = {
			isa = PBXResourcesBuildPhase;
			buildActionMask = 2147483647;
			files = (
			);
			runOnlyForDeploymentPostprocessing = 0;
		};
		42B06AE327F5608C00DD1C92 /* Resources */ = {
			isa = PBXResourcesBuildPhase;
			buildActionMask = 2147483647;
			files = (
				42B06B1B27F561CD00DD1C92 /* hikeData.json in Resources */,
				42B06AEF27F5608D00DD1C92 /* Preview Assets.xcassets in Resources */,
				42B06B1927F561CD00DD1C92 /* Assets.xcassets in Resources */,
				42B06B1C27F561CD00DD1C92 /* landmarkData.json in Resources */,
				42B06AEC27F5608D00DD1C92 /* Assets.xcassets in Resources */,
			);
			runOnlyForDeploymentPostprocessing = 0;
		};
		42B06AF327F5608D00DD1C92 /* Resources */ = {
			isa = PBXResourcesBuildPhase;
			buildActionMask = 2147483647;
			files = (
			);
			runOnlyForDeploymentPostprocessing = 0;
		};
		42B06AFD27F5608D00DD1C92 /* Resources */ = {
			isa = PBXResourcesBuildPhase;
			buildActionMask = 2147483647;
			files = (
			);
			runOnlyForDeploymentPostprocessing = 0;
		};
/* End PBXResourcesBuildPhase section */

/* Begin PBXSourcesBuildPhase section */
		422E262527E08EDC00A40344 /* Sources */ = {
			isa = PBXSourcesBuildPhase;
			buildActionMask = 2147483647;
			files = (
				4254D9FA27EC79010061972C /* CategoryRow.swift in Sources */,
				4254D9FE27F09F340061972C /* Profile.swift in Sources */,
				42877E4B27F697F40095E0A0 /* LandmarkCommands.swift in Sources */,
				422E262F27E08EDD00A40344 /* ContentView.swift in Sources */,
				4254D9F827EC633A0061972C /* CategoryHome.swift in Sources */,
				4254DA1027F33F770061972C /* FeatureCard.swift in Sources */,
				4200C0C127EAEF6C00A08384 /* Badge.swift in Sources */,
				422E265F27E091DA00A40344 /* CircleImage.swift in Sources */,
				4254D9F027EC5BEC0061972C /* GraphCapsule.swift in Sources */,
				4254D9F427EC5C3E0061972C /* HikeGraph.swift in Sources */,
				422E265D27E091BD00A40344 /* MapView.swift in Sources */,
				42B06A8B27F44B7200DD1C92 /* PageControl.swift in Sources */,
				4219B74A27E49EC600874014 /* FavoriteButton.swift in Sources */,
				4254D9FC27EC7E190061972C /* CategoryItem.swift in Sources */,
				4200C0B927E8682900A08384 /* HexagonParameters.swift in Sources */,
				4254DA0427F157100061972C /* ProfileSummary.swift in Sources */,
				4254D9ED27EBF7CE0061972C /* Hike.swift in Sources */,
				4254DA0227F154690061972C /* ProfileHost.swift in Sources */,
				4200C0BF27EA0FE200A08384 /* RotatedBadgeSymbol.swift in Sources */,
				4200C0BD27E9E6DE00A08384 /* BadgeSymbol.swift in Sources */,
				42B06A8927F4162500DD1C92 /* PageView.swift in Sources */,
				422E266C27E093DE00A40344 /* LandmarkList.swift in Sources */,
				4254DA0827F3181A0061972C /* ProfileEditor.swift in Sources */,
				4254D9F227EC5C170061972C /* HikeDetail.swift in Sources */,
				4254D9F627EC5C5D0061972C /* HikeView.swift in Sources */,
				422E266E27E0941900A40344 /* LandmarkDetail.swift in Sources */,
				4254DA0E27F33D520061972C /* PageViewController.swift in Sources */,
				4200C0BB27E884CA00A08384 /* BadgeBackground.swift in Sources */,
				4254DA0627F15B2E0061972C /* HikeBadge.swift in Sources */,
				422E266227E092A300A40344 /* landmark.swift in Sources */,
				422E262D27E08EDC00A40344 /* LandmarksApp.swift in Sources */,
				422E266A27E0936000A40344 /* LandmarkRow.swift in Sources */,
				422E266427E092CA00A40344 /* ModelData.swift in Sources */,
			);
			runOnlyForDeploymentPostprocessing = 0;
		};
		422E263527E08EDD00A40344 /* Sources */ = {
			isa = PBXSourcesBuildPhase;
			buildActionMask = 2147483647;
			files = (
				422E263E27E08EDD00A40344 /* LandmarksTests.swift in Sources */,
			);
			runOnlyForDeploymentPostprocessing = 0;
		};
		422E263F27E08EDD00A40344 /* Sources */ = {
			isa = PBXSourcesBuildPhase;
			buildActionMask = 2147483647;
			files = (
				422E264A27E08EDD00A40344 /* LandmarksUITestsLaunchTests.swift in Sources */,
				422E264827E08EDD00A40344 /* LandmarksUITests.swift in Sources */,
			);
			runOnlyForDeploymentPostprocessing = 0;
		};
		42B06AE127F5608C00DD1C92 /* Sources */ = {
			isa = PBXSourcesBuildPhase;
			buildActionMask = 2147483647;
			files = (
				42B06B1827F561CD00DD1C92 /* Hike.swift in Sources */,
				42B06AEA27F5608C00DD1C92 /* ContentView.swift in Sources */,
				42F4864927F71185000591BF /* LandmarkSettings.swift in Sources */,
				42B06B1227F561CD00DD1C92 /* CircleImage.swift in Sources */,
				42B06B1127F561CD00DD1C92 /* MapView.swift in Sources */,
				42877E4C27F697F40095E0A0 /* LandmarkCommands.swift in Sources */,
				42B06B2027F5829D00DD1C92 /* LandmarkDetail.swift in Sources */,
				42B06B1627F561CD00DD1C92 /* LandmarkList.swift in Sources */,
				42B06B1427F561CD00DD1C92 /* landmark.swift in Sources */,
				42B06B1527F561CD00DD1C92 /* FavoriteButton.swift in Sources */,
				42B06B1A27F561CD00DD1C92 /* ModelData.swift in Sources */,
				42B06B1327F561CD00DD1C92 /* LandmarkRow.swift in Sources */,
				42B06B1727F561CD00DD1C92 /* Profile.swift in Sources */,
				42B06B1027F561CD00DD1C92 /* LandmarksApp.swift in Sources */,
			);
			runOnlyForDeploymentPostprocessing = 0;
		};
		42B06AF127F5608D00DD1C92 /* Sources */ = {
			isa = PBXSourcesBuildPhase;
			buildActionMask = 2147483647;
			files = (
				42B06AFA27F5608D00DD1C92 /* MacLandmarksTests.swift in Sources */,
			);
			runOnlyForDeploymentPostprocessing = 0;
		};
		42B06AFB27F5608D00DD1C92 /* Sources */ = {
			isa = PBXSourcesBuildPhase;
			buildActionMask = 2147483647;
			files = (
				42B06B0627F5608D00DD1C92 /* MacLandmarksUITestsLaunchTests.swift in Sources */,
				42B06B0427F5608D00DD1C92 /* MacLandmarksUITests.swift in Sources */,
			);
			runOnlyForDeploymentPostprocessing = 0;
		};
/* End PBXSourcesBuildPhase section */

/* Begin PBXTargetDependency section */
		422E263B27E08EDD00A40344 /* PBXTargetDependency */ = {
			isa = PBXTargetDependency;
			target = 422E262827E08EDC00A40344 /* Landmarks */;
			targetProxy = 422E263A27E08EDD00A40344 /* PBXContainerItemProxy */;
		};
		422E264527E08EDD00A40344 /* PBXTargetDependency */ = {
			isa = PBXTargetDependency;
			target = 422E262827E08EDC00A40344 /* Landmarks */;
			targetProxy = 422E264427E08EDD00A40344 /* PBXContainerItemProxy */;
		};
		42B06AF727F5608D00DD1C92 /* PBXTargetDependency */ = {
			isa = PBXTargetDependency;
			target = 42B06AE427F5608C00DD1C92 /* MacLandmarks */;
			targetProxy = 42B06AF627F5608D00DD1C92 /* PBXContainerItemProxy */;
		};
		42B06B0127F5608D00DD1C92 /* PBXTargetDependency */ = {
			isa = PBXTargetDependency;
			target = 42B06AE427F5608C00DD1C92 /* MacLandmarks */;
			targetProxy = 42B06B0027F5608D00DD1C92 /* PBXContainerItemProxy */;
		};
/* End PBXTargetDependency section */

/* Begin XCBuildConfiguration section */
		422E264B27E08EDD00A40344 /* Debug */ = {
			isa = XCBuildConfiguration;
			buildSettings = {
				ALWAYS_SEARCH_USER_PATHS = NO;
				CLANG_ANALYZER_NONNULL = YES;
				CLANG_ANALYZER_NUMBER_OBJECT_CONVERSION = YES_AGGRESSIVE;
				CLANG_CXX_LANGUAGE_STANDARD = "gnu++17";
				CLANG_CXX_LIBRARY = "libc++";
				CLANG_ENABLE_MODULES = YES;
				CLANG_ENABLE_OBJC_ARC = YES;
				CLANG_ENABLE_OBJC_WEAK = YES;
				CLANG_WARN_BLOCK_CAPTURE_AUTORELEASING = YES;
				CLANG_WARN_BOOL_CONVERSION = YES;
				CLANG_WARN_COMMA = YES;
				CLANG_WARN_CONSTANT_CONVERSION = YES;
				CLANG_WARN_DEPRECATED_OBJC_IMPLEMENTATIONS = YES;
				CLANG_WARN_DIRECT_OBJC_ISA_USAGE = YES_ERROR;
				CLANG_WARN_DOCUMENTATION_COMMENTS = YES;
				CLANG_WARN_EMPTY_BODY = YES;
				CLANG_WARN_ENUM_CONVERSION = YES;
				CLANG_WARN_INFINITE_RECURSION = YES;
				CLANG_WARN_INT_CONVERSION = YES;
				CLANG_WARN_NON_LITERAL_NULL_CONVERSION = YES;
				CLANG_WARN_OBJC_IMPLICIT_RETAIN_SELF = YES;
				CLANG_WARN_OBJC_LITERAL_CONVERSION = YES;
				CLANG_WARN_OBJC_ROOT_CLASS = YES_ERROR;
				CLANG_WARN_QUOTED_INCLUDE_IN_FRAMEWORK_HEADER = YES;
				CLANG_WARN_RANGE_LOOP_ANALYSIS = YES;
				CLANG_WARN_STRICT_PROTOTYPES = YES;
				CLANG_WARN_SUSPICIOUS_MOVE = YES;
				CLANG_WARN_UNGUARDED_AVAILABILITY = YES_AGGRESSIVE;
				CLANG_WARN_UNREACHABLE_CODE = YES;
				CLANG_WARN__DUPLICATE_METHOD_MATCH = YES;
				COPY_PHASE_STRIP = NO;
				DEBUG_INFORMATION_FORMAT = dwarf;
				ENABLE_STRICT_OBJC_MSGSEND = YES;
				ENABLE_TESTABILITY = YES;
				GCC_C_LANGUAGE_STANDARD = gnu11;
				GCC_DYNAMIC_NO_PIC = NO;
				GCC_NO_COMMON_BLOCKS = YES;
				GCC_OPTIMIZATION_LEVEL = 0;
				GCC_PREPROCESSOR_DEFINITIONS = (
					"DEBUG=1",
					"$(inherited)",
				);
				GCC_WARN_64_TO_32_BIT_CONVERSION = YES;
				GCC_WARN_ABOUT_RETURN_TYPE = YES_ERROR;
				GCC_WARN_UNDECLARED_SELECTOR = YES;
				GCC_WARN_UNINITIALIZED_AUTOS = YES_AGGRESSIVE;
				GCC_WARN_UNUSED_FUNCTION = YES;
				GCC_WARN_UNUSED_VARIABLE = YES;
				IPHONEOS_DEPLOYMENT_TARGET = 15.2;
				MTL_ENABLE_DEBUG_INFO = INCLUDE_SOURCE;
				MTL_FAST_MATH = YES;
				ONLY_ACTIVE_ARCH = YES;
				SDKROOT = iphoneos;
				SWIFT_ACTIVE_COMPILATION_CONDITIONS = DEBUG;
				SWIFT_OPTIMIZATION_LEVEL = "-Onone";
			};
			name = Debug;
		};
		422E264C27E08EDD00A40344 /* Release */ = {
			isa = XCBuildConfiguration;
			buildSettings = {
				ALWAYS_SEARCH_USER_PATHS = NO;
				CLANG_ANALYZER_NONNULL = YES;
				CLANG_ANALYZER_NUMBER_OBJECT_CONVERSION = YES_AGGRESSIVE;
				CLANG_CXX_LANGUAGE_STANDARD = "gnu++17";
				CLANG_CXX_LIBRARY = "libc++";
				CLANG_ENABLE_MODULES = YES;
				CLANG_ENABLE_OBJC_ARC = YES;
				CLANG_ENABLE_OBJC_WEAK = YES;
				CLANG_WARN_BLOCK_CAPTURE_AUTORELEASING = YES;
				CLANG_WARN_BOOL_CONVERSION = YES;
				CLANG_WARN_COMMA = YES;
				CLANG_WARN_CONSTANT_CONVERSION = YES;
				CLANG_WARN_DEPRECATED_OBJC_IMPLEMENTATIONS = YES;
				CLANG_WARN_DIRECT_OBJC_ISA_USAGE = YES_ERROR;
				CLANG_WARN_DOCUMENTATION_COMMENTS = YES;
				CLANG_WARN_EMPTY_BODY = YES;
				CLANG_WARN_ENUM_CONVERSION = YES;
				CLANG_WARN_INFINITE_RECURSION = YES;
				CLANG_WARN_INT_CONVERSION = YES;
				CLANG_WARN_NON_LITERAL_NULL_CONVERSION = YES;
				CLANG_WARN_OBJC_IMPLICIT_RETAIN_SELF = YES;
				CLANG_WARN_OBJC_LITERAL_CONVERSION = YES;
				CLANG_WARN_OBJC_ROOT_CLASS = YES_ERROR;
				CLANG_WARN_QUOTED_INCLUDE_IN_FRAMEWORK_HEADER = YES;
				CLANG_WARN_RANGE_LOOP_ANALYSIS = YES;
				CLANG_WARN_STRICT_PROTOTYPES = YES;
				CLANG_WARN_SUSPICIOUS_MOVE = YES;
				CLANG_WARN_UNGUARDED_AVAILABILITY = YES_AGGRESSIVE;
				CLANG_WARN_UNREACHABLE_CODE = YES;
				CLANG_WARN__DUPLICATE_METHOD_MATCH = YES;
				COPY_PHASE_STRIP = NO;
				DEBUG_INFORMATION_FORMAT = "dwarf-with-dsym";
				ENABLE_NS_ASSERTIONS = NO;
				ENABLE_STRICT_OBJC_MSGSEND = YES;
				GCC_C_LANGUAGE_STANDARD = gnu11;
				GCC_NO_COMMON_BLOCKS = YES;
				GCC_WARN_64_TO_32_BIT_CONVERSION = YES;
				GCC_WARN_ABOUT_RETURN_TYPE = YES_ERROR;
				GCC_WARN_UNDECLARED_SELECTOR = YES;
				GCC_WARN_UNINITIALIZED_AUTOS = YES_AGGRESSIVE;
				GCC_WARN_UNUSED_FUNCTION = YES;
				GCC_WARN_UNUSED_VARIABLE = YES;
				IPHONEOS_DEPLOYMENT_TARGET = 15.2;
				MTL_ENABLE_DEBUG_INFO = NO;
				MTL_FAST_MATH = YES;
				SDKROOT = iphoneos;
				SWIFT_COMPILATION_MODE = wholemodule;
				SWIFT_OPTIMIZATION_LEVEL = "-O";
				VALIDATE_PRODUCT = YES;
			};
			name = Release;
		};
		422E264E27E08EDD00A40344 /* Debug */ = {
			isa = XCBuildConfiguration;
			buildSettings = {
				ASSETCATALOG_COMPILER_APPICON_NAME = AppIcon;
				ASSETCATALOG_COMPILER_GLOBAL_ACCENT_COLOR_NAME = AccentColor;
				CODE_SIGN_STYLE = Automatic;
				CURRENT_PROJECT_VERSION = 1;
				DEVELOPMENT_ASSET_PATHS = "\"Landmarks/Preview Content\"";
				DEVELOPMENT_TEAM = H5F32GNS7N;
				ENABLE_PREVIEWS = YES;
				GENERATE_INFOPLIST_FILE = YES;
				INFOPLIST_KEY_UIApplicationSceneManifest_Generation = YES;
				INFOPLIST_KEY_UIApplicationSupportsIndirectInputEvents = YES;
				INFOPLIST_KEY_UILaunchScreen_Generation = YES;
				INFOPLIST_KEY_UISupportedInterfaceOrientations_iPad = "UIInterfaceOrientationPortrait UIInterfaceOrientationPortraitUpsideDown UIInterfaceOrientationLandscapeLeft UIInterfaceOrientationLandscapeRight";
				INFOPLIST_KEY_UISupportedInterfaceOrientations_iPhone = "UIInterfaceOrientationPortrait UIInterfaceOrientationLandscapeLeft UIInterfaceOrientationLandscapeRight";
				LD_RUNPATH_SEARCH_PATHS = (
					"$(inherited)",
					"@executable_path/Frameworks",
				);
				MARKETING_VERSION = 1.0;
				PRODUCT_BUNDLE_IDENTIFIER = rlaxodnjs.iOS.Test;
				PRODUCT_NAME = "$(TARGET_NAME)";
				SWIFT_EMIT_LOC_STRINGS = YES;
				SWIFT_VERSION = 5.0;
				TARGETED_DEVICE_FAMILY = 1;
			};
			name = Debug;
		};
		422E264F27E08EDD00A40344 /* Release */ = {
			isa = XCBuildConfiguration;
			buildSettings = {
				ASSETCATALOG_COMPILER_APPICON_NAME = AppIcon;
				ASSETCATALOG_COMPILER_GLOBAL_ACCENT_COLOR_NAME = AccentColor;
				CODE_SIGN_STYLE = Automatic;
				CURRENT_PROJECT_VERSION = 1;
				DEVELOPMENT_ASSET_PATHS = "\"Landmarks/Preview Content\"";
				DEVELOPMENT_TEAM = H5F32GNS7N;
				ENABLE_PREVIEWS = YES;
				GENERATE_INFOPLIST_FILE = YES;
				INFOPLIST_KEY_UIApplicationSceneManifest_Generation = YES;
				INFOPLIST_KEY_UIApplicationSupportsIndirectInputEvents = YES;
				INFOPLIST_KEY_UILaunchScreen_Generation = YES;
				INFOPLIST_KEY_UISupportedInterfaceOrientations_iPad = "UIInterfaceOrientationPortrait UIInterfaceOrientationPortraitUpsideDown UIInterfaceOrientationLandscapeLeft UIInterfaceOrientationLandscapeRight";
				INFOPLIST_KEY_UISupportedInterfaceOrientations_iPhone = "UIInterfaceOrientationPortrait UIInterfaceOrientationLandscapeLeft UIInterfaceOrientationLandscapeRight";
				LD_RUNPATH_SEARCH_PATHS = (
					"$(inherited)",
					"@executable_path/Frameworks",
				);
				MARKETING_VERSION = 1.0;
				PRODUCT_BUNDLE_IDENTIFIER = rlaxodnjs.iOS.Test;
				PRODUCT_NAME = "$(TARGET_NAME)";
				SWIFT_EMIT_LOC_STRINGS = YES;
				SWIFT_VERSION = 5.0;
				TARGETED_DEVICE_FAMILY = 1;
			};
			name = Release;
		};
		422E265127E08EDD00A40344 /* Debug */ = {
			isa = XCBuildConfiguration;
			buildSettings = {
				ALWAYS_EMBED_SWIFT_STANDARD_LIBRARIES = YES;
				BUNDLE_LOADER = "$(TEST_HOST)";
				CODE_SIGN_STYLE = Automatic;
				CURRENT_PROJECT_VERSION = 1;
				DEVELOPMENT_TEAM = H5F32GNS7N;
				GENERATE_INFOPLIST_FILE = YES;
				IPHONEOS_DEPLOYMENT_TARGET = 15.2;
				MARKETING_VERSION = 1.0;
				PRODUCT_BUNDLE_IDENTIFIER = iOS.LandmarksTests;
				PRODUCT_NAME = "$(TARGET_NAME)";
				SWIFT_EMIT_LOC_STRINGS = NO;
				SWIFT_VERSION = 5.0;
				TARGETED_DEVICE_FAMILY = "1,2";
				TEST_HOST = "$(BUILT_PRODUCTS_DIR)/Landmarks.app/Landmarks";
			};
			name = Debug;
		};
		422E265227E08EDD00A40344 /* Release */ = {
			isa = XCBuildConfiguration;
			buildSettings = {
				ALWAYS_EMBED_SWIFT_STANDARD_LIBRARIES = YES;
				BUNDLE_LOADER = "$(TEST_HOST)";
				CODE_SIGN_STYLE = Automatic;
				CURRENT_PROJECT_VERSION = 1;
				DEVELOPMENT_TEAM = H5F32GNS7N;
				GENERATE_INFOPLIST_FILE = YES;
				IPHONEOS_DEPLOYMENT_TARGET = 15.2;
				MARKETING_VERSION = 1.0;
				PRODUCT_BUNDLE_IDENTIFIER = iOS.LandmarksTests;
				PRODUCT_NAME = "$(TARGET_NAME)";
				SWIFT_EMIT_LOC_STRINGS = NO;
				SWIFT_VERSION = 5.0;
				TARGETED_DEVICE_FAMILY = "1,2";
				TEST_HOST = "$(BUILT_PRODUCTS_DIR)/Landmarks.app/Landmarks";
			};
			name = Release;
		};
		422E265427E08EDD00A40344 /* Debug */ = {
			isa = XCBuildConfiguration;
			buildSettings = {
				ALWAYS_EMBED_SWIFT_STANDARD_LIBRARIES = YES;
				CODE_SIGN_STYLE = Automatic;
				CURRENT_PROJECT_VERSION = 1;
				DEVELOPMENT_TEAM = H5F32GNS7N;
				GENERATE_INFOPLIST_FILE = YES;
				MARKETING_VERSION = 1.0;
				PRODUCT_BUNDLE_IDENTIFIER = iOS.LandmarksUITests;
				PRODUCT_NAME = "$(TARGET_NAME)";
				SWIFT_EMIT_LOC_STRINGS = NO;
				SWIFT_VERSION = 5.0;
				TARGETED_DEVICE_FAMILY = "1,2";
				TEST_TARGET_NAME = Landmarks;
			};
			name = Debug;
		};
		422E265527E08EDD00A40344 /* Release */ = {
			isa = XCBuildConfiguration;
			buildSettings = {
				ALWAYS_EMBED_SWIFT_STANDARD_LIBRARIES = YES;
				CODE_SIGN_STYLE = Automatic;
				CURRENT_PROJECT_VERSION = 1;
				DEVELOPMENT_TEAM = H5F32GNS7N;
				GENERATE_INFOPLIST_FILE = YES;
				MARKETING_VERSION = 1.0;
				PRODUCT_BUNDLE_IDENTIFIER = iOS.LandmarksUITests;
				PRODUCT_NAME = "$(TARGET_NAME)";
				SWIFT_EMIT_LOC_STRINGS = NO;
				SWIFT_VERSION = 5.0;
				TARGETED_DEVICE_FAMILY = "1,2";
				TEST_TARGET_NAME = Landmarks;
			};
			name = Release;
		};
		42B06B0827F5608D00DD1C92 /* Debug */ = {
			isa = XCBuildConfiguration;
			buildSettings = {
				ASSETCATALOG_COMPILER_APPICON_NAME = AppIcon;
				ASSETCATALOG_COMPILER_GLOBAL_ACCENT_COLOR_NAME = AccentColor;
				CODE_SIGN_ENTITLEMENTS = MacLandmarks/MacLandmarks.entitlements;
				CODE_SIGN_STYLE = Automatic;
				COMBINE_HIDPI_IMAGES = YES;
				CURRENT_PROJECT_VERSION = 1;
				DEVELOPMENT_ASSET_PATHS = "\"MacLandmarks/Preview Content\"";
				DEVELOPMENT_TEAM = H5F32GNS7N;
				ENABLE_HARDENED_RUNTIME = YES;
				ENABLE_PREVIEWS = YES;
				GENERATE_INFOPLIST_FILE = YES;
				INFOPLIST_KEY_NSHumanReadableCopyright = "";
				LD_RUNPATH_SEARCH_PATHS = (
					"$(inherited)",
					"@executable_path/../Frameworks",
				);
				MACOSX_DEPLOYMENT_TARGET = 12.1;
				MARKETING_VERSION = 1.0;
				PRODUCT_BUNDLE_IDENTIFIER = rlaxodnjs.iOS.Test.MacLandmarks;
				PRODUCT_NAME = "$(TARGET_NAME)";
				SDKROOT = macosx;
				SWIFT_EMIT_LOC_STRINGS = YES;
				SWIFT_VERSION = 5.0;
			};
			name = Debug;
		};
		42B06B0927F5608D00DD1C92 /* Release */ = {
			isa = XCBuildConfiguration;
			buildSettings = {
				ASSETCATALOG_COMPILER_APPICON_NAME = AppIcon;
				ASSETCATALOG_COMPILER_GLOBAL_ACCENT_COLOR_NAME = AccentColor;
				CODE_SIGN_ENTITLEMENTS = MacLandmarks/MacLandmarks.entitlements;
				CODE_SIGN_STYLE = Automatic;
				COMBINE_HIDPI_IMAGES = YES;
				CURRENT_PROJECT_VERSION = 1;
				DEVELOPMENT_ASSET_PATHS = "\"MacLandmarks/Preview Content\"";
				DEVELOPMENT_TEAM = H5F32GNS7N;
				ENABLE_HARDENED_RUNTIME = YES;
				ENABLE_PREVIEWS = YES;
				GENERATE_INFOPLIST_FILE = YES;
				INFOPLIST_KEY_NSHumanReadableCopyright = "";
				LD_RUNPATH_SEARCH_PATHS = (
					"$(inherited)",
					"@executable_path/../Frameworks",
				);
				MACOSX_DEPLOYMENT_TARGET = 12.1;
				MARKETING_VERSION = 1.0;
				PRODUCT_BUNDLE_IDENTIFIER = rlaxodnjs.iOS.Test.MacLandmarks;
				PRODUCT_NAME = "$(TARGET_NAME)";
				SDKROOT = macosx;
				SWIFT_EMIT_LOC_STRINGS = YES;
				SWIFT_VERSION = 5.0;
			};
			name = Release;
		};
		42B06B0B27F5608D00DD1C92 /* Debug */ = {
			isa = XCBuildConfiguration;
			buildSettings = {
				ALWAYS_EMBED_SWIFT_STANDARD_LIBRARIES = YES;
				BUNDLE_LOADER = "$(TEST_HOST)";
				CODE_SIGN_STYLE = Automatic;
				CURRENT_PROJECT_VERSION = 1;
				DEVELOPMENT_TEAM = H5F32GNS7N;
				GENERATE_INFOPLIST_FILE = YES;
				MACOSX_DEPLOYMENT_TARGET = 12.1;
				MARKETING_VERSION = 1.0;
				PRODUCT_BUNDLE_IDENTIFIER = iOS.MacLandmarksTests;
				PRODUCT_NAME = "$(TARGET_NAME)";
				SDKROOT = macosx;
				SWIFT_EMIT_LOC_STRINGS = NO;
				SWIFT_VERSION = 5.0;
				TEST_HOST = "$(BUILT_PRODUCTS_DIR)/MacLandmarks.app/Contents/MacOS/MacLandmarks";
			};
			name = Debug;
		};
		42B06B0C27F5608D00DD1C92 /* Release */ = {
			isa = XCBuildConfiguration;
			buildSettings = {
				ALWAYS_EMBED_SWIFT_STANDARD_LIBRARIES = YES;
				BUNDLE_LOADER = "$(TEST_HOST)";
				CODE_SIGN_STYLE = Automatic;
				CURRENT_PROJECT_VERSION = 1;
				DEVELOPMENT_TEAM = H5F32GNS7N;
				GENERATE_INFOPLIST_FILE = YES;
				MACOSX_DEPLOYMENT_TARGET = 12.1;
				MARKETING_VERSION = 1.0;
				PRODUCT_BUNDLE_IDENTIFIER = iOS.MacLandmarksTests;
				PRODUCT_NAME = "$(TARGET_NAME)";
				SDKROOT = macosx;
				SWIFT_EMIT_LOC_STRINGS = NO;
				SWIFT_VERSION = 5.0;
				TEST_HOST = "$(BUILT_PRODUCTS_DIR)/MacLandmarks.app/Contents/MacOS/MacLandmarks";
			};
			name = Release;
		};
		42B06B0E27F5608D00DD1C92 /* Debug */ = {
			isa = XCBuildConfiguration;
			buildSettings = {
				ALWAYS_EMBED_SWIFT_STANDARD_LIBRARIES = YES;
				CODE_SIGN_STYLE = Automatic;
				CURRENT_PROJECT_VERSION = 1;
				DEVELOPMENT_TEAM = H5F32GNS7N;
				GENERATE_INFOPLIST_FILE = YES;
				MACOSX_DEPLOYMENT_TARGET = 12.1;
				MARKETING_VERSION = 1.0;
				PRODUCT_BUNDLE_IDENTIFIER = iOS.MacLandmarksUITests;
				PRODUCT_NAME = "$(TARGET_NAME)";
				SDKROOT = macosx;
				SWIFT_EMIT_LOC_STRINGS = NO;
				SWIFT_VERSION = 5.0;
				TEST_TARGET_NAME = MacLandmarks;
			};
			name = Debug;
		};
		42B06B0F27F5608D00DD1C92 /* Release */ = {
			isa = XCBuildConfiguration;
			buildSettings = {
				ALWAYS_EMBED_SWIFT_STANDARD_LIBRARIES = YES;
				CODE_SIGN_STYLE = Automatic;
				CURRENT_PROJECT_VERSION = 1;
				DEVELOPMENT_TEAM = H5F32GNS7N;
				GENERATE_INFOPLIST_FILE = YES;
				MACOSX_DEPLOYMENT_TARGET = 12.1;
				MARKETING_VERSION = 1.0;
				PRODUCT_BUNDLE_IDENTIFIER = iOS.MacLandmarksUITests;
				PRODUCT_NAME = "$(TARGET_NAME)";
				SDKROOT = macosx;
				SWIFT_EMIT_LOC_STRINGS = NO;
				SWIFT_VERSION = 5.0;
				TEST_TARGET_NAME = MacLandmarks;
			};
			name = Release;
		};
/* End XCBuildConfiguration section */

/* Begin XCConfigurationList section */
		422E262427E08EDC00A40344 /* Build configuration list for PBXProject "Landmarks" */ = {
			isa = XCConfigurationList;
			buildConfigurations = (
				422E264B27E08EDD00A40344 /* Debug */,
				422E264C27E08EDD00A40344 /* Release */,
			);
			defaultConfigurationIsVisible = 0;
			defaultConfigurationName = Release;
		};
		422E264D27E08EDD00A40344 /* Build configuration list for PBXNativeTarget "Landmarks" */ = {
			isa = XCConfigurationList;
			buildConfigurations = (
				422E264E27E08EDD00A40344 /* Debug */,
				422E264F27E08EDD00A40344 /* Release */,
			);
			defaultConfigurationIsVisible = 0;
			defaultConfigurationName = Release;
		};
		422E265027E08EDD00A40344 /* Build configuration list for PBXNativeTarget "LandmarksTests" */ = {
			isa = XCConfigurationList;
			buildConfigurations = (
				422E265127E08EDD00A40344 /* Debug */,
				422E265227E08EDD00A40344 /* Release */,
			);
			defaultConfigurationIsVisible = 0;
			defaultConfigurationName = Release;
		};
		422E265327E08EDD00A40344 /* Build configuration list for PBXNativeTarget "LandmarksUITests" */ = {
			isa = XCConfigurationList;
			buildConfigurations = (
				422E265427E08EDD00A40344 /* Debug */,
				422E265527E08EDD00A40344 /* Release */,
			);
			defaultConfigurationIsVisible = 0;
			defaultConfigurationName = Release;
		};
		42B06B0727F5608D00DD1C92 /* Build configuration list for PBXNativeTarget "MacLandmarks" */ = {
			isa = XCConfigurationList;
			buildConfigurations = (
				42B06B0827F5608D00DD1C92 /* Debug */,
				42B06B0927F5608D00DD1C92 /* Release */,
			);
			defaultConfigurationIsVisible = 0;
			defaultConfigurationName = Release;
		};
		42B06B0A27F5608D00DD1C92 /* Build configuration list for PBXNativeTarget "MacLandmarksTests" */ = {
			isa = XCConfigurationList;
			buildConfigurations = (
				42B06B0B27F5608D00DD1C92 /* Debug */,
				42B06B0C27F5608D00DD1C92 /* Release */,
			);
			defaultConfigurationIsVisible = 0;
			defaultConfigurationName = Release;
		};
		42B06B0D27F5608D00DD1C92 /* Build configuration list for PBXNativeTarget "MacLandmarksUITests" */ = {
			isa = XCConfigurationList;
			buildConfigurations = (
				42B06B0E27F5608D00DD1C92 /* Debug */,
				42B06B0F27F5608D00DD1C92 /* Release */,
			);
			defaultConfigurationIsVisible = 0;
			defaultConfigurationName = Release;
		};
/* End XCConfigurationList section */
	};
	rootObject = 422E262127E08EDC00A40344 /* Project object */;
}
